[[dependencies]]
name = "flare-periphery"
version = "0.0.21"
url = "https://soldeer-revisions.s3.amazonaws.com/flare-periphery/0_0_21_08-02-2025_13:13:15_foundry_package.zip"
checksum = "d582f7422a5fa9bb4556b9317215012a02f29f0497b31b3447008a27afe62452"
integrity = "0beae8b94f0383f67fa050b232d741d941139b3ef596bf5180cf2dca41a800ed"

[[dependencies]]
name = "forge-std"
version = "1.9.5"
url = "https://soldeer-revisions.s3.amazonaws.com/forge-std/1_9_5_21-12-2024_15:04:05_forge-std-1.9.zip"
checksum = "57ada736f383289db77fac4472d48f820e7c98172cf9b01681b0c37065ce043f"
integrity = "4753ffdfa0dde40878372b6a4d8e8fd1648b190b33996896c8b92f6f1680850f"
